// !$*UTF8*$!
{
	archiveVersion = 1;
	classes = {
	};
	objectVersion = 51;
	objects = {

/* Begin PBXBuildFile section */
		31307A6126D046E4005DA1FC /* Constants.swift in Sources */ = {isa = PBXBuildFile; fileRef = 31307A6026D046E4005DA1FC /* Constants.swift */; };
		31307A6326D046EB005DA1FC /* Extensions.swift in Sources */ = {isa = PBXBuildFile; fileRef = 31307A6226D046EB005DA1FC /* Extensions.swift */; };
		313F666727486966002865F8 /* JustsHeader.swift in Sources */ = {isa = PBXBuildFile; fileRef = 313F666627486966002865F8 /* JustsHeader.swift */; };
		313F7365270D29FC007E6BC8 /* PushNotificationSender.swift in Sources */ = {isa = PBXBuildFile; fileRef = 313F7364270D29FC007E6BC8 /* PushNotificationSender.swift */; };
		313F7367270E6218007E6BC8 /* GoogleService-Info.plist in Resources */ = {isa = PBXBuildFile; fileRef = 313F7366270E6218007E6BC8 /* GoogleService-Info.plist */; };
		313F7369270E6EF8007E6BC8 /* PushNotificationManager.swift in Sources */ = {isa = PBXBuildFile; fileRef = 313F7368270E6EF8007E6BC8 /* PushNotificationManager.swift */; };
		316A98C827396694006CAA3A /* SharedNetworksController.swift in Sources */ = {isa = PBXBuildFile; fileRef = 316A98C727396694006CAA3A /* SharedNetworksController.swift */; };
		316A98CB2739E90E006CAA3A /* SharedNetworkCell.swift in Sources */ = {isa = PBXBuildFile; fileRef = 316A98C92739E90E006CAA3A /* SharedNetworkCell.swift */; };
		316A98CC2739E90E006CAA3A /* SharedNetworkCell.xib in Resources */ = {isa = PBXBuildFile; fileRef = 316A98CA2739E90E006CAA3A /* SharedNetworkCell.xib */; };
		316A98D0273BF3C0006CAA3A /* ViewJustController.swift in Sources */ = {isa = PBXBuildFile; fileRef = 316A98CF273BF3C0006CAA3A /* ViewJustController.swift */; };
		316A98D2273EBD82006CAA3A /* NetworkDetailsController.swift in Sources */ = {isa = PBXBuildFile; fileRef = 316A98D1273EBD82006CAA3A /* NetworkDetailsController.swift */; };
		316A98D5273EBEC3006CAA3A /* NetworkUserCell.swift in Sources */ = {isa = PBXBuildFile; fileRef = 316A98D3273EBEC3006CAA3A /* NetworkUserCell.swift */; };
		316A98D6273EBEC3006CAA3A /* NetworkUserCell.xib in Resources */ = {isa = PBXBuildFile; fileRef = 316A98D4273EBEC3006CAA3A /* NetworkUserCell.xib */; };
		316A98D82742B341006CAA3A /* LoadingView.swift in Sources */ = {isa = PBXBuildFile; fileRef = 316A98D72742B340006CAA3A /* LoadingView.swift */; };
		316A98DA2742C275006CAA3A /* InvitesEmptyView.swift in Sources */ = {isa = PBXBuildFile; fileRef = 316A98D92742C275006CAA3A /* InvitesEmptyView.swift */; };
		316A98DC2742D86D006CAA3A /* NetworkDetailsHeader.swift in Sources */ = {isa = PBXBuildFile; fileRef = 316A98DB2742D86D006CAA3A /* NetworkDetailsHeader.swift */; };
		316CE2F2264BB2AC0015C145 /* User.swift in Sources */ = {isa = PBXBuildFile; fileRef = 316CE2F1264BB2AC0015C145 /* User.swift */; };
		31B4A44226425042001E7DD6 /* AppDelegate.swift in Sources */ = {isa = PBXBuildFile; fileRef = 31B4A44126425042001E7DD6 /* AppDelegate.swift */; };
		31B4A44426425042001E7DD6 /* SceneDelegate.swift in Sources */ = {isa = PBXBuildFile; fileRef = 31B4A44326425042001E7DD6 /* SceneDelegate.swift */; };
		31B4A44926425042001E7DD6 /* Main.storyboard in Resources */ = {isa = PBXBuildFile; fileRef = 31B4A44726425042001E7DD6 /* Main.storyboard */; };
		31B4A44B26425045001E7DD6 /* Assets.xcassets in Resources */ = {isa = PBXBuildFile; fileRef = 31B4A44A26425045001E7DD6 /* Assets.xcassets */; };
		31B4A44E26425045001E7DD6 /* LaunchScreen.storyboard in Resources */ = {isa = PBXBuildFile; fileRef = 31B4A44C26425045001E7DD6 /* LaunchScreen.storyboard */; };
		31B4A45A2642510A001E7DD6 /* JustTableViewCell.swift in Sources */ = {isa = PBXBuildFile; fileRef = 31B4A4592642510A001E7DD6 /* JustTableViewCell.swift */; };
		31B4A47926453BC7001E7DD6 /* Notifications.swift in Sources */ = {isa = PBXBuildFile; fileRef = 31B4A47826453BC7001E7DD6 /* Notifications.swift */; };
		31B4A47B26455295001E7DD6 /* NetworkViewController.swift in Sources */ = {isa = PBXBuildFile; fileRef = 31B4A47A26455295001E7DD6 /* NetworkViewController.swift */; };
		31B4A47D26455310001E7DD6 /* RequestsTableViewCell.swift in Sources */ = {isa = PBXBuildFile; fileRef = 31B4A47C26455310001E7DD6 /* RequestsTableViewCell.swift */; };
		31C69CF52756F4D400DEA41E /* PhoneNumberVerificationController.swift in Sources */ = {isa = PBXBuildFile; fileRef = 31C69CF42756F4D400DEA41E /* PhoneNumberVerificationController.swift */; };
		31C69CF92758397300DEA41E /* PhoneVerificationView.swift in Sources */ = {isa = PBXBuildFile; fileRef = 31C69CF82758397300DEA41E /* PhoneVerificationView.swift */; };
		31C69CFB27583B7700DEA41E /* AuthManager.swift in Sources */ = {isa = PBXBuildFile; fileRef = 31C69CFA27583B7700DEA41E /* AuthManager.swift */; };
		31CC0D3126C5FB7A00E5F560 /* Network.swift in Sources */ = {isa = PBXBuildFile; fileRef = 31CC0D3026C5FB7A00E5F560 /* Network.swift */; };
		31CC0D3326C6F54C00E5F560 /* Just.swift in Sources */ = {isa = PBXBuildFile; fileRef = 31CC0D3226C6F54C00E5F560 /* Just.swift */; };
		31CC0D5026CE410300E5F560 /* ActivityController.swift in Sources */ = {isa = PBXBuildFile; fileRef = 31CC0D4F26CE410300E5F560 /* ActivityController.swift */; };
		31CC0D5926CE4C4600E5F560 /* InviteCell.swift in Sources */ = {isa = PBXBuildFile; fileRef = 31CC0D5726CE4C4600E5F560 /* InviteCell.swift */; };
		31CC0D5A26CE4C4600E5F560 /* InviteCell.xib in Resources */ = {isa = PBXBuildFile; fileRef = 31CC0D5826CE4C4600E5F560 /* InviteCell.xib */; };
		31CC0D6026D0408200E5F560 /* ActivityRespectController.swift in Sources */ = {isa = PBXBuildFile; fileRef = 31CC0D5F26D0408000E5F560 /* ActivityRespectController.swift */; };
		31CC0D6326D0442000E5F560 /* ActivityRespectCell.swift in Sources */ = {isa = PBXBuildFile; fileRef = 31CC0D6126D0442000E5F560 /* ActivityRespectCell.swift */; };
		31CC0D6426D0442000E5F560 /* ActivityRespectCell.xib in Resources */ = {isa = PBXBuildFile; fileRef = 31CC0D6226D0442000E5F560 /* ActivityRespectCell.xib */; };
		31CE99DC271EC17000324501 /* RespectedByCell.swift in Sources */ = {isa = PBXBuildFile; fileRef = 31CE99DA271EC17000324501 /* RespectedByCell.swift */; };
		31CE99DD271EC17000324501 /* RespectedByCell.xib in Resources */ = {isa = PBXBuildFile; fileRef = 31CE99DB271EC17000324501 /* RespectedByCell.xib */; };
		31CE99DF271FAD1E00324501 /* SettingsController.swift in Sources */ = {isa = PBXBuildFile; fileRef = 31CE99DE271FAD1E00324501 /* SettingsController.swift */; };
		31D29610264E82D800965DD7 /* RespectedByViewController.swift in Sources */ = {isa = PBXBuildFile; fileRef = 31D2960F264E82D800965DD7 /* RespectedByViewController.swift */; };
		31D29614264E8E1000965DD7 /* NewJustViewController.swift in Sources */ = {isa = PBXBuildFile; fileRef = 31D29613264E8E1000965DD7 /* NewJustViewController.swift */; };
		31D296182653B14400965DD7 /* SignUp.storyboard in Resources */ = {isa = PBXBuildFile; fileRef = 31D296172653B14400965DD7 /* SignUp.storyboard */; };
		31D2961A2653BF9300965DD7 /* MainJustViewController.swift in Sources */ = {isa = PBXBuildFile; fileRef = 31D296192653BF9300965DD7 /* MainJustViewController.swift */; };
		31D2961C2653C2DA00965DD7 /* ResultsTableViewController.swift in Sources */ = {isa = PBXBuildFile; fileRef = 31D2961B2653C2DA00965DD7 /* ResultsTableViewController.swift */; };
		31D2961E2653C3BD00965DD7 /* TableCell.xib in Resources */ = {isa = PBXBuildFile; fileRef = 31D2961D2653C3BD00965DD7 /* TableCell.xib */; };
		31D296202653EAE700965DD7 /* NotificationsViewController.swift in Sources */ = {isa = PBXBuildFile; fileRef = 31D2961F2653EAE700965DD7 /* NotificationsViewController.swift */; };
		31D296222653EB4200965DD7 /* LoginViewController.swift in Sources */ = {isa = PBXBuildFile; fileRef = 31D296212653EB4200965DD7 /* LoginViewController.swift */; };
		31D296242653EB5300965DD7 /* SignUpViewController.swift in Sources */ = {isa = PBXBuildFile; fileRef = 31D296232653EB5300965DD7 /* SignUpViewController.swift */; };
		31D296262653FCF300965DD7 /* NetworksTableViewCell.swift in Sources */ = {isa = PBXBuildFile; fileRef = 31D296252653FCF300965DD7 /* NetworksTableViewCell.swift */; };
		31D2962D2656730E00965DD7 /* ResultTableViewCell.swift in Sources */ = {isa = PBXBuildFile; fileRef = 31D2962C2656730E00965DD7 /* ResultTableViewCell.swift */; };
		31D9D17F26D0796D00954C1D /* NetworkJustsController.swift in Sources */ = {isa = PBXBuildFile; fileRef = 31D9D17E26D0796D00954C1D /* NetworkJustsController.swift */; };
		31D9D18226D07A9600954C1D /* NetworkJustCell.swift in Sources */ = {isa = PBXBuildFile; fileRef = 31D9D18026D07A9600954C1D /* NetworkJustCell.swift */; };
		31D9D18326D07A9600954C1D /* NetworkJustCell.xib in Resources */ = {isa = PBXBuildFile; fileRef = 31D9D18126D07A9600954C1D /* NetworkJustCell.xib */; };
		31D9D18526D1EF5300954C1D /* UserJustsController.swift in Sources */ = {isa = PBXBuildFile; fileRef = 31D9D18426D1EF5300954C1D /* UserJustsController.swift */; };
		31D9D1CB26D4D8A600954C1D /* CurrentUserController.swift in Sources */ = {isa = PBXBuildFile; fileRef = 31D9D1CA26D4D8A600954C1D /* CurrentUserController.swift */; };
		31D9D1CD26D4DAFF00954C1D /* ProfileHeader.swift in Sources */ = {isa = PBXBuildFile; fileRef = 31D9D1CC26D4DAFF00954C1D /* ProfileHeader.swift */; };
		31D9D1D026D5002D00954C1D /* JustViewModel.swift in Sources */ = {isa = PBXBuildFile; fileRef = 31D9D1CF26D5002D00954C1D /* JustViewModel.swift */; };
		31DEDDE426C3146200749E41 /* AuthService.swift in Sources */ = {isa = PBXBuildFile; fileRef = 31DEDDE326C3146200749E41 /* AuthService.swift */; };
		31DEDDE626C3147900749E41 /* UserService.swift in Sources */ = {isa = PBXBuildFile; fileRef = 31DEDDE526C3147900749E41 /* UserService.swift */; };
		31DEDDE826C3148F00749E41 /* NetworkService.swift in Sources */ = {isa = PBXBuildFile; fileRef = 31DEDDE726C3148F00749E41 /* NetworkService.swift */; };
		31DEDDEA26C3149D00749E41 /* JustService.swift in Sources */ = {isa = PBXBuildFile; fileRef = 31DEDDE926C3149D00749E41 /* JustService.swift */; };
		31ED1E312700666100E41E76 /* RespectNotification.swift in Sources */ = {isa = PBXBuildFile; fileRef = 31ED1E302700666100E41E76 /* RespectNotification.swift */; };
		EF2C7E7E79DB00E0270F33FF /* Pods_PracticeCustomTableViews.framework in Frameworks */ = {isa = PBXBuildFile; fileRef = DA18FB8B127B9E2C111AA45E /* Pods_PracticeCustomTableViews.framework */; };
/* End PBXBuildFile section */

/* Begin PBXFileReference section */
		31307A6026D046E4005DA1FC /* Constants.swift */ = {isa = PBXFileReference; fileEncoding = 4; lastKnownFileType = sourcecode.swift; name = Constants.swift; path = PracticeCustomTableViews/Utilities/Constants.swift; sourceTree = SOURCE_ROOT; };
		31307A6226D046EB005DA1FC /* Extensions.swift */ = {isa = PBXFileReference; fileEncoding = 4; lastKnownFileType = sourcecode.swift; name = Extensions.swift; path = PracticeCustomTableViews/Utilities/Extensions.swift; sourceTree = SOURCE_ROOT; };
		313F666627486966002865F8 /* JustsHeader.swift */ = {isa = PBXFileReference; lastKnownFileType = sourcecode.swift; path = JustsHeader.swift; sourceTree = "<group>"; };
		313F7364270D29FC007E6BC8 /* PushNotificationSender.swift */ = {isa = PBXFileReference; lastKnownFileType = sourcecode.swift; path = PushNotificationSender.swift; sourceTree = "<group>"; };
		313F7366270E6218007E6BC8 /* GoogleService-Info.plist */ = {isa = PBXFileReference; fileEncoding = 4; lastKnownFileType = text.plist.xml; path = "GoogleService-Info.plist"; sourceTree = "<group>"; };
		313F7368270E6EF8007E6BC8 /* PushNotificationManager.swift */ = {isa = PBXFileReference; lastKnownFileType = sourcecode.swift; path = PushNotificationManager.swift; sourceTree = "<group>"; };
		316A98C727396694006CAA3A /* SharedNetworksController.swift */ = {isa = PBXFileReference; lastKnownFileType = sourcecode.swift; path = SharedNetworksController.swift; sourceTree = "<group>"; };
		316A98C92739E90E006CAA3A /* SharedNetworkCell.swift */ = {isa = PBXFileReference; lastKnownFileType = sourcecode.swift; path = SharedNetworkCell.swift; sourceTree = "<group>"; };
		316A98CA2739E90E006CAA3A /* SharedNetworkCell.xib */ = {isa = PBXFileReference; lastKnownFileType = file.xib; path = SharedNetworkCell.xib; sourceTree = "<group>"; };
		316A98CF273BF3C0006CAA3A /* ViewJustController.swift */ = {isa = PBXFileReference; lastKnownFileType = sourcecode.swift; path = ViewJustController.swift; sourceTree = "<group>"; };
		316A98D1273EBD82006CAA3A /* NetworkDetailsController.swift */ = {isa = PBXFileReference; lastKnownFileType = sourcecode.swift; path = NetworkDetailsController.swift; sourceTree = "<group>"; };
		316A98D3273EBEC3006CAA3A /* NetworkUserCell.swift */ = {isa = PBXFileReference; lastKnownFileType = sourcecode.swift; path = NetworkUserCell.swift; sourceTree = "<group>"; };
		316A98D4273EBEC3006CAA3A /* NetworkUserCell.xib */ = {isa = PBXFileReference; lastKnownFileType = file.xib; path = NetworkUserCell.xib; sourceTree = "<group>"; };
		316A98D72742B340006CAA3A /* LoadingView.swift */ = {isa = PBXFileReference; lastKnownFileType = sourcecode.swift; path = LoadingView.swift; sourceTree = "<group>"; };
		316A98D92742C275006CAA3A /* InvitesEmptyView.swift */ = {isa = PBXFileReference; lastKnownFileType = sourcecode.swift; path = InvitesEmptyView.swift; sourceTree = "<group>"; };
		316A98DB2742D86D006CAA3A /* NetworkDetailsHeader.swift */ = {isa = PBXFileReference; lastKnownFileType = sourcecode.swift; path = NetworkDetailsHeader.swift; sourceTree = "<group>"; };
		316CE2F1264BB2AC0015C145 /* User.swift */ = {isa = PBXFileReference; lastKnownFileType = sourcecode.swift; path = User.swift; sourceTree = "<group>"; };
		31B4A43E26425042001E7DD6 /* PracticeCustomTableViews.app */ = {isa = PBXFileReference; explicitFileType = wrapper.application; includeInIndex = 0; path = PracticeCustomTableViews.app; sourceTree = BUILT_PRODUCTS_DIR; };
		31B4A44126425042001E7DD6 /* AppDelegate.swift */ = {isa = PBXFileReference; lastKnownFileType = sourcecode.swift; path = AppDelegate.swift; sourceTree = "<group>"; };
		31B4A44326425042001E7DD6 /* SceneDelegate.swift */ = {isa = PBXFileReference; lastKnownFileType = sourcecode.swift; path = SceneDelegate.swift; sourceTree = "<group>"; };
		31B4A44826425042001E7DD6 /* Base */ = {isa = PBXFileReference; lastKnownFileType = file.storyboard; name = Base; path = Base.lproj/Main.storyboard; sourceTree = "<group>"; };
		31B4A44A26425045001E7DD6 /* Assets.xcassets */ = {isa = PBXFileReference; lastKnownFileType = folder.assetcatalog; path = Assets.xcassets; sourceTree = "<group>"; };
		31B4A44D26425045001E7DD6 /* Base */ = {isa = PBXFileReference; lastKnownFileType = file.storyboard; name = Base; path = Base.lproj/LaunchScreen.storyboard; sourceTree = "<group>"; };
		31B4A44F26425045001E7DD6 /* Info.plist */ = {isa = PBXFileReference; lastKnownFileType = text.plist.xml; path = Info.plist; sourceTree = "<group>"; };
		31B4A4592642510A001E7DD6 /* JustTableViewCell.swift */ = {isa = PBXFileReference; lastKnownFileType = sourcecode.swift; path = JustTableViewCell.swift; sourceTree = "<group>"; };
		31B4A47826453BC7001E7DD6 /* Notifications.swift */ = {isa = PBXFileReference; lastKnownFileType = sourcecode.swift; path = Notifications.swift; sourceTree = "<group>"; };
		31B4A47A26455295001E7DD6 /* NetworkViewController.swift */ = {isa = PBXFileReference; lastKnownFileType = sourcecode.swift; path = NetworkViewController.swift; sourceTree = "<group>"; };
		31B4A47C26455310001E7DD6 /* RequestsTableViewCell.swift */ = {isa = PBXFileReference; lastKnownFileType = sourcecode.swift; path = RequestsTableViewCell.swift; sourceTree = "<group>"; };
		31C69CF42756F4D400DEA41E /* PhoneNumberVerificationController.swift */ = {isa = PBXFileReference; lastKnownFileType = sourcecode.swift; path = PhoneNumberVerificationController.swift; sourceTree = "<group>"; };
		31C69CF82758397300DEA41E /* PhoneVerificationView.swift */ = {isa = PBXFileReference; lastKnownFileType = sourcecode.swift; path = PhoneVerificationView.swift; sourceTree = "<group>"; };
		31C69CFA27583B7700DEA41E /* AuthManager.swift */ = {isa = PBXFileReference; lastKnownFileType = sourcecode.swift; path = AuthManager.swift; sourceTree = "<group>"; };
		31CC0D3026C5FB7A00E5F560 /* Network.swift */ = {isa = PBXFileReference; lastKnownFileType = sourcecode.swift; path = Network.swift; sourceTree = "<group>"; };
		31CC0D3226C6F54C00E5F560 /* Just.swift */ = {isa = PBXFileReference; lastKnownFileType = sourcecode.swift; path = Just.swift; sourceTree = "<group>"; };
		31CC0D4F26CE410300E5F560 /* ActivityController.swift */ = {isa = PBXFileReference; lastKnownFileType = sourcecode.swift; path = ActivityController.swift; sourceTree = "<group>"; };
		31CC0D5726CE4C4600E5F560 /* InviteCell.swift */ = {isa = PBXFileReference; lastKnownFileType = sourcecode.swift; path = InviteCell.swift; sourceTree = "<group>"; };
		31CC0D5826CE4C4600E5F560 /* InviteCell.xib */ = {isa = PBXFileReference; lastKnownFileType = file.xib; path = InviteCell.xib; sourceTree = "<group>"; };
		31CC0D5F26D0408000E5F560 /* ActivityRespectController.swift */ = {isa = PBXFileReference; lastKnownFileType = sourcecode.swift; path = ActivityRespectController.swift; sourceTree = "<group>"; };
		31CC0D6126D0442000E5F560 /* ActivityRespectCell.swift */ = {isa = PBXFileReference; lastKnownFileType = sourcecode.swift; path = ActivityRespectCell.swift; sourceTree = "<group>"; };
		31CC0D6226D0442000E5F560 /* ActivityRespectCell.xib */ = {isa = PBXFileReference; lastKnownFileType = file.xib; path = ActivityRespectCell.xib; sourceTree = "<group>"; };
		31CE99DA271EC17000324501 /* RespectedByCell.swift */ = {isa = PBXFileReference; lastKnownFileType = sourcecode.swift; path = RespectedByCell.swift; sourceTree = "<group>"; };
		31CE99DB271EC17000324501 /* RespectedByCell.xib */ = {isa = PBXFileReference; lastKnownFileType = file.xib; path = RespectedByCell.xib; sourceTree = "<group>"; };
		31CE99DE271FAD1E00324501 /* SettingsController.swift */ = {isa = PBXFileReference; lastKnownFileType = sourcecode.swift; path = SettingsController.swift; sourceTree = "<group>"; };
		31D2960F264E82D800965DD7 /* RespectedByViewController.swift */ = {isa = PBXFileReference; lastKnownFileType = sourcecode.swift; path = RespectedByViewController.swift; sourceTree = "<group>"; };
		31D29613264E8E1000965DD7 /* NewJustViewController.swift */ = {isa = PBXFileReference; lastKnownFileType = sourcecode.swift; path = NewJustViewController.swift; sourceTree = "<group>"; };
		31D296172653B14400965DD7 /* SignUp.storyboard */ = {isa = PBXFileReference; lastKnownFileType = file.storyboard; path = SignUp.storyboard; sourceTree = "<group>"; };
		31D296192653BF9300965DD7 /* MainJustViewController.swift */ = {isa = PBXFileReference; lastKnownFileType = sourcecode.swift; path = MainJustViewController.swift; sourceTree = "<group>"; };
		31D2961B2653C2DA00965DD7 /* ResultsTableViewController.swift */ = {isa = PBXFileReference; lastKnownFileType = sourcecode.swift; path = ResultsTableViewController.swift; sourceTree = "<group>"; };
		31D2961D2653C3BD00965DD7 /* TableCell.xib */ = {isa = PBXFileReference; fileEncoding = 4; lastKnownFileType = file.xib; path = TableCell.xib; sourceTree = "<group>"; };
		31D2961F2653EAE700965DD7 /* NotificationsViewController.swift */ = {isa = PBXFileReference; lastKnownFileType = sourcecode.swift; path = NotificationsViewController.swift; sourceTree = "<group>"; };
		31D296212653EB4200965DD7 /* LoginViewController.swift */ = {isa = PBXFileReference; lastKnownFileType = sourcecode.swift; name = LoginViewController.swift; path = "../New Group/LoginViewController.swift"; sourceTree = "<group>"; };
		31D296232653EB5300965DD7 /* SignUpViewController.swift */ = {isa = PBXFileReference; lastKnownFileType = sourcecode.swift; name = SignUpViewController.swift; path = "../New Group/SignUpViewController.swift"; sourceTree = "<group>"; };
		31D296252653FCF300965DD7 /* NetworksTableViewCell.swift */ = {isa = PBXFileReference; lastKnownFileType = sourcecode.swift; path = NetworksTableViewCell.swift; sourceTree = "<group>"; };
		31D2962C2656730E00965DD7 /* ResultTableViewCell.swift */ = {isa = PBXFileReference; lastKnownFileType = sourcecode.swift; path = ResultTableViewCell.swift; sourceTree = "<group>"; };
		31D9D17E26D0796D00954C1D /* NetworkJustsController.swift */ = {isa = PBXFileReference; lastKnownFileType = sourcecode.swift; path = NetworkJustsController.swift; sourceTree = "<group>"; };
		31D9D18026D07A9600954C1D /* NetworkJustCell.swift */ = {isa = PBXFileReference; lastKnownFileType = sourcecode.swift; path = NetworkJustCell.swift; sourceTree = "<group>"; };
		31D9D18126D07A9600954C1D /* NetworkJustCell.xib */ = {isa = PBXFileReference; lastKnownFileType = file.xib; path = NetworkJustCell.xib; sourceTree = "<group>"; };
		31D9D18426D1EF5300954C1D /* UserJustsController.swift */ = {isa = PBXFileReference; lastKnownFileType = sourcecode.swift; path = UserJustsController.swift; sourceTree = "<group>"; };
		31D9D1CA26D4D8A600954C1D /* CurrentUserController.swift */ = {isa = PBXFileReference; lastKnownFileType = sourcecode.swift; path = CurrentUserController.swift; sourceTree = "<group>"; };
		31D9D1CC26D4DAFF00954C1D /* ProfileHeader.swift */ = {isa = PBXFileReference; lastKnownFileType = sourcecode.swift; path = ProfileHeader.swift; sourceTree = "<group>"; };
		31D9D1CF26D5002D00954C1D /* JustViewModel.swift */ = {isa = PBXFileReference; lastKnownFileType = sourcecode.swift; path = JustViewModel.swift; sourceTree = "<group>"; };
		31DEDDE326C3146200749E41 /* AuthService.swift */ = {isa = PBXFileReference; lastKnownFileType = sourcecode.swift; path = AuthService.swift; sourceTree = "<group>"; };
		31DEDDE526C3147900749E41 /* UserService.swift */ = {isa = PBXFileReference; lastKnownFileType = sourcecode.swift; path = UserService.swift; sourceTree = "<group>"; };
		31DEDDE726C3148F00749E41 /* NetworkService.swift */ = {isa = PBXFileReference; lastKnownFileType = sourcecode.swift; path = NetworkService.swift; sourceTree = "<group>"; };
		31DEDDE926C3149D00749E41 /* JustService.swift */ = {isa = PBXFileReference; lastKnownFileType = sourcecode.swift; path = JustService.swift; sourceTree = "<group>"; };
		31ED1E2F26F310D600E41E76 /* PracticeCustomTableViews.entitlements */ = {isa = PBXFileReference; lastKnownFileType = text.plist.entitlements; path = PracticeCustomTableViews.entitlements; sourceTree = "<group>"; };
		31ED1E302700666100E41E76 /* RespectNotification.swift */ = {isa = PBXFileReference; lastKnownFileType = sourcecode.swift; path = RespectNotification.swift; sourceTree = "<group>"; };
		791BE72403A7AB644BC85FE9 /* Pods-PracticeCustomTableViews.debug.xcconfig */ = {isa = PBXFileReference; includeInIndex = 1; lastKnownFileType = text.xcconfig; name = "Pods-PracticeCustomTableViews.debug.xcconfig"; path = "Target Support Files/Pods-PracticeCustomTableViews/Pods-PracticeCustomTableViews.debug.xcconfig"; sourceTree = "<group>"; };
		DA18FB8B127B9E2C111AA45E /* Pods_PracticeCustomTableViews.framework */ = {isa = PBXFileReference; explicitFileType = wrapper.framework; includeInIndex = 0; path = Pods_PracticeCustomTableViews.framework; sourceTree = BUILT_PRODUCTS_DIR; };
		EE0D3FC4E7431D3B8B21B6EE /* Pods-PracticeCustomTableViews.release.xcconfig */ = {isa = PBXFileReference; includeInIndex = 1; lastKnownFileType = text.xcconfig; name = "Pods-PracticeCustomTableViews.release.xcconfig"; path = "Target Support Files/Pods-PracticeCustomTableViews/Pods-PracticeCustomTableViews.release.xcconfig"; sourceTree = "<group>"; };
/* End PBXFileReference section */

/* Begin PBXFrameworksBuildPhase section */
		31B4A43B26425042001E7DD6 /* Frameworks */ = {
			isa = PBXFrameworksBuildPhase;
			buildActionMask = 2147483647;
			files = (
				EF2C7E7E79DB00E0270F33FF /* Pods_PracticeCustomTableViews.framework in Frameworks */,
			);
			runOnlyForDeploymentPostprocessing = 0;
		};
/* End PBXFrameworksBuildPhase section */

/* Begin PBXGroup section */
		2C313E67DE5CE935263C8827 /* Pods */ = {
			isa = PBXGroup;
			children = (
				791BE72403A7AB644BC85FE9 /* Pods-PracticeCustomTableViews.debug.xcconfig */,
				EE0D3FC4E7431D3B8B21B6EE /* Pods-PracticeCustomTableViews.release.xcconfig */,
			);
			path = Pods;
			sourceTree = "<group>";
		};
		31B4A43526425042001E7DD6 = {
			isa = PBXGroup;
			children = (
				31B4A44026425042001E7DD6 /* PracticeCustomTableViews */,
				31B4A43F26425042001E7DD6 /* Products */,
				2C313E67DE5CE935263C8827 /* Pods */,
				9EDEED78EB9556F46CDF4750 /* Frameworks */,
			);
			sourceTree = "<group>";
		};
		31B4A43F26425042001E7DD6 /* Products */ = {
			isa = PBXGroup;
			children = (
				31B4A43E26425042001E7DD6 /* PracticeCustomTableViews.app */,
			);
			name = Products;
			sourceTree = "<group>";
		};
		31B4A44026425042001E7DD6 /* PracticeCustomTableViews */ = {
			isa = PBXGroup;
			children = (
				31ED1E2F26F310D600E41E76 /* PracticeCustomTableViews.entitlements */,
				31D2962B265666F200965DD7 /* Resources */,
				31D2962A2656662100965DD7 /* Storyboards */,
				31D29627265665EB00965DD7 /* Model */,
				31D9D1CE26D5000F00954C1D /* ViewModel */,
				31D296282656660100965DD7 /* View Controllers */,
				31CC0D6926D0465C00E5F560 /* Utilities */,
				31DEDDE226C3143200749E41 /* API */,
				31D296292656661100965DD7 /* Views */,
				31B4A44A26425045001E7DD6 /* Assets.xcassets */,
				31B4A44F26425045001E7DD6 /* Info.plist */,
				313F7366270E6218007E6BC8 /* GoogleService-Info.plist */,
			);
			path = PracticeCustomTableViews;
			sourceTree = "<group>";
		};
		31CC0D4226C88CBC00E5F560 /* SignUp */ = {
			isa = PBXGroup;
			children = (
				31D2961F2653EAE700965DD7 /* NotificationsViewController.swift */,
				31C69CF42756F4D400DEA41E /* PhoneNumberVerificationController.swift */,
				31D296232653EB5300965DD7 /* SignUpViewController.swift */,
				31D296212653EB4200965DD7 /* LoginViewController.swift */,
			);
			path = SignUp;
			sourceTree = "<group>";
		};
		31CC0D6926D0465C00E5F560 /* Utilities */ = {
			isa = PBXGroup;
			children = (
				31307A6026D046E4005DA1FC /* Constants.swift */,
				31307A6226D046EB005DA1FC /* Extensions.swift */,
			);
			name = Utilities;
			path = API/Utilities;
			sourceTree = "<group>";
		};
		31D29627265665EB00965DD7 /* Model */ = {
			isa = PBXGroup;
			children = (
				316CE2F1264BB2AC0015C145 /* User.swift */,
				31CC0D3026C5FB7A00E5F560 /* Network.swift */,
				31CC0D3226C6F54C00E5F560 /* Just.swift */,
				31ED1E302700666100E41E76 /* RespectNotification.swift */,
			);
			path = Model;
			sourceTree = "<group>";
		};
		31D296282656660100965DD7 /* View Controllers */ = {
			isa = PBXGroup;
			children = (
				31CC0D4226C88CBC00E5F560 /* SignUp */,
				31D296192653BF9300965DD7 /* MainJustViewController.swift */,
				31D2961B2653C2DA00965DD7 /* ResultsTableViewController.swift */,
				31D29613264E8E1000965DD7 /* NewJustViewController.swift */,
				31D2960F264E82D800965DD7 /* RespectedByViewController.swift */,
				31B4A47A26455295001E7DD6 /* NetworkViewController.swift */,
				31CC0D4F26CE410300E5F560 /* ActivityController.swift */,
				31CC0D5F26D0408000E5F560 /* ActivityRespectController.swift */,
				31CE99DE271FAD1E00324501 /* SettingsController.swift */,
				31D9D1CA26D4D8A600954C1D /* CurrentUserController.swift */,
				31D9D17E26D0796D00954C1D /* NetworkJustsController.swift */,
				31D9D18426D1EF5300954C1D /* UserJustsController.swift */,
				316A98C727396694006CAA3A /* SharedNetworksController.swift */,
				316A98CF273BF3C0006CAA3A /* ViewJustController.swift */,
				316A98D1273EBD82006CAA3A /* NetworkDetailsController.swift */,
			);
			path = "View Controllers";
			sourceTree = "<group>";
		};
		31D296292656661100965DD7 /* Views */ = {
			isa = PBXGroup;
			children = (
				316A98D72742B340006CAA3A /* LoadingView.swift */,
				31C69CF82758397300DEA41E /* PhoneVerificationView.swift */,
				313F666627486966002865F8 /* JustsHeader.swift */,
				316A98D92742C275006CAA3A /* InvitesEmptyView.swift */,
				31D9D1CC26D4DAFF00954C1D /* ProfileHeader.swift */,
				316A98DB2742D86D006CAA3A /* NetworkDetailsHeader.swift */,
				31CE99DA271EC17000324501 /* RespectedByCell.swift */,
				316A98C92739E90E006CAA3A /* SharedNetworkCell.swift */,
				316A98CA2739E90E006CAA3A /* SharedNetworkCell.xib */,
				31CE99DB271EC17000324501 /* RespectedByCell.xib */,
				31D9D18026D07A9600954C1D /* NetworkJustCell.swift */,
				31D9D18126D07A9600954C1D /* NetworkJustCell.xib */,
				31B4A47C26455310001E7DD6 /* RequestsTableViewCell.swift */,
				31D296252653FCF300965DD7 /* NetworksTableViewCell.swift */,
				31CC0D6126D0442000E5F560 /* ActivityRespectCell.swift */,
				31CC0D6226D0442000E5F560 /* ActivityRespectCell.xib */,
				31D2961D2653C3BD00965DD7 /* TableCell.xib */,
				31CC0D5726CE4C4600E5F560 /* InviteCell.swift */,
				31CC0D5826CE4C4600E5F560 /* InviteCell.xib */,
				31D2962C2656730E00965DD7 /* ResultTableViewCell.swift */,
				31B4A4592642510A001E7DD6 /* JustTableViewCell.swift */,
				316A98D3273EBEC3006CAA3A /* NetworkUserCell.swift */,
				316A98D4273EBEC3006CAA3A /* NetworkUserCell.xib */,
			);
			path = Views;
			sourceTree = "<group>";
		};
		31D2962A2656662100965DD7 /* Storyboards */ = {
			isa = PBXGroup;
			children = (
				31B4A44726425042001E7DD6 /* Main.storyboard */,
				31D296172653B14400965DD7 /* SignUp.storyboard */,
				31B4A44C26425045001E7DD6 /* LaunchScreen.storyboard */,
			);
			path = Storyboards;
			sourceTree = "<group>";
		};
		31D2962B265666F200965DD7 /* Resources */ = {
			isa = PBXGroup;
			children = (
				31B4A44126425042001E7DD6 /* AppDelegate.swift */,
				31B4A44326425042001E7DD6 /* SceneDelegate.swift */,
				31B4A47826453BC7001E7DD6 /* Notifications.swift */,
				313F7368270E6EF8007E6BC8 /* PushNotificationManager.swift */,
			);
			path = Resources;
			sourceTree = "<group>";
		};
		31D9D1CE26D5000F00954C1D /* ViewModel */ = {
			isa = PBXGroup;
			children = (
				31D9D1CF26D5002D00954C1D /* JustViewModel.swift */,
			);
			path = ViewModel;
			sourceTree = "<group>";
		};
		31DEDDE226C3143200749E41 /* API */ = {
			isa = PBXGroup;
			children = (
				31DEDDE326C3146200749E41 /* AuthService.swift */,
				31C69CFA27583B7700DEA41E /* AuthManager.swift */,
				31DEDDE526C3147900749E41 /* UserService.swift */,
				31DEDDE726C3148F00749E41 /* NetworkService.swift */,
				31DEDDE926C3149D00749E41 /* JustService.swift */,
				313F7364270D29FC007E6BC8 /* PushNotificationSender.swift */,
			);
			path = API;
			sourceTree = "<group>";
		};
		9EDEED78EB9556F46CDF4750 /* Frameworks */ = {
			isa = PBXGroup;
			children = (
				DA18FB8B127B9E2C111AA45E /* Pods_PracticeCustomTableViews.framework */,
			);
			name = Frameworks;
			sourceTree = "<group>";
		};
/* End PBXGroup section */

/* Begin PBXNativeTarget section */
		31B4A43D26425042001E7DD6 /* PracticeCustomTableViews */ = {
			isa = PBXNativeTarget;
			buildConfigurationList = 31B4A45226425045001E7DD6 /* Build configuration list for PBXNativeTarget "PracticeCustomTableViews" */;
			buildPhases = (
				74AA455AAEDAD9C067A61B37 /* [CP] Check Pods Manifest.lock */,
				31B4A43A26425042001E7DD6 /* Sources */,
				31B4A43B26425042001E7DD6 /* Frameworks */,
				31B4A43C26425042001E7DD6 /* Resources */,
				DBAB5F05672F4105FD4C64D5 /* [CP] Embed Pods Frameworks */,
			);
			buildRules = (
			);
			dependencies = (
			);
			name = PracticeCustomTableViews;
			productName = PracticeCustomTableViews;
			productReference = 31B4A43E26425042001E7DD6 /* PracticeCustomTableViews.app */;
			productType = "com.apple.product-type.application";
		};
/* End PBXNativeTarget section */

/* Begin PBXProject section */
		31B4A43626425042001E7DD6 /* Project object */ = {
			isa = PBXProject;
			attributes = {
				LastSwiftUpdateCheck = 1250;
				LastUpgradeCheck = 1250;
				TargetAttributes = {
					31B4A43D26425042001E7DD6 = {
						CreatedOnToolsVersion = 12.5;
					};
				};
			};
			buildConfigurationList = 31B4A43926425042001E7DD6 /* Build configuration list for PBXProject "PracticeCustomTableViews" */;
			compatibilityVersion = "Xcode 9.3";
			developmentRegion = en;
			hasScannedForEncodings = 0;
			knownRegions = (
				en,
				Base,
			);
			mainGroup = 31B4A43526425042001E7DD6;
			productRefGroup = 31B4A43F26425042001E7DD6 /* Products */;
			projectDirPath = "";
			projectRoot = "";
			targets = (
				31B4A43D26425042001E7DD6 /* PracticeCustomTableViews */,
			);
		};
/* End PBXProject section */

/* Begin PBXResourcesBuildPhase section */
		31B4A43C26425042001E7DD6 /* Resources */ = {
			isa = PBXResourcesBuildPhase;
			buildActionMask = 2147483647;
			files = (
				316A98CC2739E90E006CAA3A /* SharedNetworkCell.xib in Resources */,
				316A98D6273EBEC3006CAA3A /* NetworkUserCell.xib in Resources */,
				31B4A44E26425045001E7DD6 /* LaunchScreen.storyboard in Resources */,
				31B4A44B26425045001E7DD6 /* Assets.xcassets in Resources */,
				31CE99DD271EC17000324501 /* RespectedByCell.xib in Resources */,
				313F7367270E6218007E6BC8 /* GoogleService-Info.plist in Resources */,
				31D296182653B14400965DD7 /* SignUp.storyboard in Resources */,
				31CC0D6426D0442000E5F560 /* ActivityRespectCell.xib in Resources */,
				31D9D18326D07A9600954C1D /* NetworkJustCell.xib in Resources */,
				31D2961E2653C3BD00965DD7 /* TableCell.xib in Resources */,
				31CC0D5A26CE4C4600E5F560 /* InviteCell.xib in Resources */,
				31B4A44926425042001E7DD6 /* Main.storyboard in Resources */,
			);
			runOnlyForDeploymentPostprocessing = 0;
		};
/* End PBXResourcesBuildPhase section */

/* Begin PBXShellScriptBuildPhase section */
		74AA455AAEDAD9C067A61B37 /* [CP] Check Pods Manifest.lock */ = {
			isa = PBXShellScriptBuildPhase;
			buildActionMask = 2147483647;
			files = (
			);
			inputFileListPaths = (
			);
			inputPaths = (
				"${PODS_PODFILE_DIR_PATH}/Podfile.lock",
				"${PODS_ROOT}/Manifest.lock",
			);
			name = "[CP] Check Pods Manifest.lock";
			outputFileListPaths = (
			);
			outputPaths = (
				"$(DERIVED_FILE_DIR)/Pods-PracticeCustomTableViews-checkManifestLockResult.txt",
			);
			runOnlyForDeploymentPostprocessing = 0;
			shellPath = /bin/sh;
			shellScript = "diff \"${PODS_PODFILE_DIR_PATH}/Podfile.lock\" \"${PODS_ROOT}/Manifest.lock\" > /dev/null\nif [ $? != 0 ] ; then\n    # print error to STDERR\n    echo \"error: The sandbox is not in sync with the Podfile.lock. Run 'pod install' or update your CocoaPods installation.\" >&2\n    exit 1\nfi\n# This output is used by Xcode 'outputs' to avoid re-running this script phase.\necho \"SUCCESS\" > \"${SCRIPT_OUTPUT_FILE_0}\"\n";
			showEnvVarsInLog = 0;
		};
		DBAB5F05672F4105FD4C64D5 /* [CP] Embed Pods Frameworks */ = {
			isa = PBXShellScriptBuildPhase;
			buildActionMask = 2147483647;
			files = (
			);
			inputFileListPaths = (
				"${PODS_ROOT}/Target Support Files/Pods-PracticeCustomTableViews/Pods-PracticeCustomTableViews-frameworks-${CONFIGURATION}-input-files.xcfilelist",
			);
			name = "[CP] Embed Pods Frameworks";
			outputFileListPaths = (
				"${PODS_ROOT}/Target Support Files/Pods-PracticeCustomTableViews/Pods-PracticeCustomTableViews-frameworks-${CONFIGURATION}-output-files.xcfilelist",
			);
			runOnlyForDeploymentPostprocessing = 0;
			shellPath = /bin/sh;
			shellScript = "\"${PODS_ROOT}/Target Support Files/Pods-PracticeCustomTableViews/Pods-PracticeCustomTableViews-frameworks.sh\"\n";
			showEnvVarsInLog = 0;
		};
/* End PBXShellScriptBuildPhase section */

/* Begin PBXSourcesBuildPhase section */
		31B4A43A26425042001E7DD6 /* Sources */ = {
			isa = PBXSourcesBuildPhase;
			buildActionMask = 2147483647;
			files = (
				31CC0D5926CE4C4600E5F560 /* InviteCell.swift in Sources */,
				31ED1E312700666100E41E76 /* RespectNotification.swift in Sources */,
				313F7369270E6EF8007E6BC8 /* PushNotificationManager.swift in Sources */,
				31D2962D2656730E00965DD7 /* ResultTableViewCell.swift in Sources */,
				31B4A47926453BC7001E7DD6 /* Notifications.swift in Sources */,
				31CC0D6326D0442000E5F560 /* ActivityRespectCell.swift in Sources */,
				31CC0D3326C6F54C00E5F560 /* Just.swift in Sources */,
				31C69CFB27583B7700DEA41E /* AuthManager.swift in Sources */,
				31DEDDE626C3147900749E41 /* UserService.swift in Sources */,
				316A98DC2742D86D006CAA3A /* NetworkDetailsHeader.swift in Sources */,
				31D29614264E8E1000965DD7 /* NewJustViewController.swift in Sources */,
				316A98D2273EBD82006CAA3A /* NetworkDetailsController.swift in Sources */,
				316A98C827396694006CAA3A /* SharedNetworksController.swift in Sources */,
				31B4A44226425042001E7DD6 /* AppDelegate.swift in Sources */,
				31B4A47B26455295001E7DD6 /* NetworkViewController.swift in Sources */,
				31C69CF92758397300DEA41E /* PhoneVerificationView.swift in Sources */,
				31307A6126D046E4005DA1FC /* Constants.swift in Sources */,
				31D9D1D026D5002D00954C1D /* JustViewModel.swift in Sources */,
				31DEDDE826C3148F00749E41 /* NetworkService.swift in Sources */,
				31DEDDEA26C3149D00749E41 /* JustService.swift in Sources */,
				316A98CB2739E90E006CAA3A /* SharedNetworkCell.swift in Sources */,
				31D2961C2653C2DA00965DD7 /* ResultsTableViewController.swift in Sources */,
				31CE99DF271FAD1E00324501 /* SettingsController.swift in Sources */,
				31D296242653EB5300965DD7 /* SignUpViewController.swift in Sources */,
				31D9D1CD26D4DAFF00954C1D /* ProfileHeader.swift in Sources */,
				31D9D18226D07A9600954C1D /* NetworkJustCell.swift in Sources */,
				316A98D0273BF3C0006CAA3A /* ViewJustController.swift in Sources */,
				313F7365270D29FC007E6BC8 /* PushNotificationSender.swift in Sources */,
				31D2961A2653BF9300965DD7 /* MainJustViewController.swift in Sources */,
				31CC0D5026CE410300E5F560 /* ActivityController.swift in Sources */,
				31D296222653EB4200965DD7 /* LoginViewController.swift in Sources */,
				31D9D1CB26D4D8A600954C1D /* CurrentUserController.swift in Sources */,
				313F666727486966002865F8 /* JustsHeader.swift in Sources */,
				316A98D5273EBEC3006CAA3A /* NetworkUserCell.swift in Sources */,
				316CE2F2264BB2AC0015C145 /* User.swift in Sources */,
				31D296202653EAE700965DD7 /* NotificationsViewController.swift in Sources */,
				31CE99DC271EC17000324501 /* RespectedByCell.swift in Sources */,
				31CC0D3126C5FB7A00E5F560 /* Network.swift in Sources */,
				31D9D17F26D0796D00954C1D /* NetworkJustsController.swift in Sources */,
				31B4A45A2642510A001E7DD6 /* JustTableViewCell.swift in Sources */,
				31DEDDE426C3146200749E41 /* AuthService.swift in Sources */,
				31CC0D6026D0408200E5F560 /* ActivityRespectController.swift in Sources */,
				31307A6326D046EB005DA1FC /* Extensions.swift in Sources */,
				316A98D82742B341006CAA3A /* LoadingView.swift in Sources */,
				31B4A47D26455310001E7DD6 /* RequestsTableViewCell.swift in Sources */,
				31B4A44426425042001E7DD6 /* SceneDelegate.swift in Sources */,
				31D9D18526D1EF5300954C1D /* UserJustsController.swift in Sources */,
				31D296262653FCF300965DD7 /* NetworksTableViewCell.swift in Sources */,
				31D29610264E82D800965DD7 /* RespectedByViewController.swift in Sources */,
				316A98DA2742C275006CAA3A /* InvitesEmptyView.swift in Sources */,
				31C69CF52756F4D400DEA41E /* PhoneNumberVerificationController.swift in Sources */,
			);
			runOnlyForDeploymentPostprocessing = 0;
		};
/* End PBXSourcesBuildPhase section */

/* Begin PBXVariantGroup section */
		31B4A44726425042001E7DD6 /* Main.storyboard */ = {
			isa = PBXVariantGroup;
			children = (
				31B4A44826425042001E7DD6 /* Base */,
			);
			name = Main.storyboard;
			sourceTree = "<group>";
		};
		31B4A44C26425045001E7DD6 /* LaunchScreen.storyboard */ = {
			isa = PBXVariantGroup;
			children = (
				31B4A44D26425045001E7DD6 /* Base */,
			);
			name = LaunchScreen.storyboard;
			sourceTree = "<group>";
		};
/* End PBXVariantGroup section */

/* Begin XCBuildConfiguration section */
		31B4A45026425045001E7DD6 /* Debug */ = {
			isa = XCBuildConfiguration;
			buildSettings = {
				ALWAYS_SEARCH_USER_PATHS = NO;
				CLANG_ANALYZER_NONNULL = YES;
				CLANG_ANALYZER_NUMBER_OBJECT_CONVERSION = YES_AGGRESSIVE;
				CLANG_CXX_LANGUAGE_STANDARD = "gnu++14";
				CLANG_CXX_LIBRARY = "libc++";
				CLANG_ENABLE_MODULES = YES;
				CLANG_ENABLE_OBJC_ARC = YES;
				CLANG_ENABLE_OBJC_WEAK = YES;
				CLANG_WARN_BLOCK_CAPTURE_AUTORELEASING = YES;
				CLANG_WARN_BOOL_CONVERSION = YES;
				CLANG_WARN_COMMA = YES;
				CLANG_WARN_CONSTANT_CONVERSION = YES;
				CLANG_WARN_DEPRECATED_OBJC_IMPLEMENTATIONS = YES;
				CLANG_WARN_DIRECT_OBJC_ISA_USAGE = YES_ERROR;
				CLANG_WARN_DOCUMENTATION_COMMENTS = YES;
				CLANG_WARN_EMPTY_BODY = YES;
				CLANG_WARN_ENUM_CONVERSION = YES;
				CLANG_WARN_INFINITE_RECURSION = YES;
				CLANG_WARN_INT_CONVERSION = YES;
				CLANG_WARN_NON_LITERAL_NULL_CONVERSION = YES;
				CLANG_WARN_OBJC_IMPLICIT_RETAIN_SELF = YES;
				CLANG_WARN_OBJC_LITERAL_CONVERSION = YES;
				CLANG_WARN_OBJC_ROOT_CLASS = YES_ERROR;
				CLANG_WARN_QUOTED_INCLUDE_IN_FRAMEWORK_HEADER = YES;
				CLANG_WARN_RANGE_LOOP_ANALYSIS = YES;
				CLANG_WARN_STRICT_PROTOTYPES = YES;
				CLANG_WARN_SUSPICIOUS_MOVE = YES;
				CLANG_WARN_UNGUARDED_AVAILABILITY = YES_AGGRESSIVE;
				CLANG_WARN_UNREACHABLE_CODE = YES;
				CLANG_WARN__DUPLICATE_METHOD_MATCH = YES;
				COPY_PHASE_STRIP = NO;
				DEBUG_INFORMATION_FORMAT = dwarf;
				ENABLE_STRICT_OBJC_MSGSEND = YES;
				ENABLE_TESTABILITY = YES;
				GCC_C_LANGUAGE_STANDARD = gnu11;
				GCC_DYNAMIC_NO_PIC = NO;
				GCC_NO_COMMON_BLOCKS = YES;
				GCC_OPTIMIZATION_LEVEL = 0;
				GCC_PREPROCESSOR_DEFINITIONS = (
					"DEBUG=1",
					"$(inherited)",
				);
				GCC_WARN_64_TO_32_BIT_CONVERSION = YES;
				GCC_WARN_ABOUT_RETURN_TYPE = YES_ERROR;
				GCC_WARN_UNDECLARED_SELECTOR = YES;
				GCC_WARN_UNINITIALIZED_AUTOS = YES_AGGRESSIVE;
				GCC_WARN_UNUSED_FUNCTION = YES;
				GCC_WARN_UNUSED_VARIABLE = YES;
				IPHONEOS_DEPLOYMENT_TARGET = 14.5;
				MTL_ENABLE_DEBUG_INFO = INCLUDE_SOURCE;
				MTL_FAST_MATH = YES;
				ONLY_ACTIVE_ARCH = YES;
				SDKROOT = iphoneos;
				SWIFT_ACTIVE_COMPILATION_CONDITIONS = DEBUG;
				SWIFT_OPTIMIZATION_LEVEL = "-Onone";
			};
			name = Debug;
		};
		31B4A45126425045001E7DD6 /* Release */ = {
			isa = XCBuildConfiguration;
			buildSettings = {
				ALWAYS_SEARCH_USER_PATHS = NO;
				CLANG_ANALYZER_NONNULL = YES;
				CLANG_ANALYZER_NUMBER_OBJECT_CONVERSION = YES_AGGRESSIVE;
				CLANG_CXX_LANGUAGE_STANDARD = "gnu++14";
				CLANG_CXX_LIBRARY = "libc++";
				CLANG_ENABLE_MODULES = YES;
				CLANG_ENABLE_OBJC_ARC = YES;
				CLANG_ENABLE_OBJC_WEAK = YES;
				CLANG_WARN_BLOCK_CAPTURE_AUTORELEASING = YES;
				CLANG_WARN_BOOL_CONVERSION = YES;
				CLANG_WARN_COMMA = YES;
				CLANG_WARN_CONSTANT_CONVERSION = YES;
				CLANG_WARN_DEPRECATED_OBJC_IMPLEMENTATIONS = YES;
				CLANG_WARN_DIRECT_OBJC_ISA_USAGE = YES_ERROR;
				CLANG_WARN_DOCUMENTATION_COMMENTS = YES;
				CLANG_WARN_EMPTY_BODY = YES;
				CLANG_WARN_ENUM_CONVERSION = YES;
				CLANG_WARN_INFINITE_RECURSION = YES;
				CLANG_WARN_INT_CONVERSION = YES;
				CLANG_WARN_NON_LITERAL_NULL_CONVERSION = YES;
				CLANG_WARN_OBJC_IMPLICIT_RETAIN_SELF = YES;
				CLANG_WARN_OBJC_LITERAL_CONVERSION = YES;
				CLANG_WARN_OBJC_ROOT_CLASS = YES_ERROR;
				CLANG_WARN_QUOTED_INCLUDE_IN_FRAMEWORK_HEADER = YES;
				CLANG_WARN_RANGE_LOOP_ANALYSIS = YES;
				CLANG_WARN_STRICT_PROTOTYPES = YES;
				CLANG_WARN_SUSPICIOUS_MOVE = YES;
				CLANG_WARN_UNGUARDED_AVAILABILITY = YES_AGGRESSIVE;
				CLANG_WARN_UNREACHABLE_CODE = YES;
				CLANG_WARN__DUPLICATE_METHOD_MATCH = YES;
				COPY_PHASE_STRIP = NO;
				DEBUG_INFORMATION_FORMAT = "dwarf-with-dsym";
				ENABLE_NS_ASSERTIONS = NO;
				ENABLE_STRICT_OBJC_MSGSEND = YES;
				GCC_C_LANGUAGE_STANDARD = gnu11;
				GCC_NO_COMMON_BLOCKS = YES;
				GCC_WARN_64_TO_32_BIT_CONVERSION = YES;
				GCC_WARN_ABOUT_RETURN_TYPE = YES_ERROR;
				GCC_WARN_UNDECLARED_SELECTOR = YES;
				GCC_WARN_UNINITIALIZED_AUTOS = YES_AGGRESSIVE;
				GCC_WARN_UNUSED_FUNCTION = YES;
				GCC_WARN_UNUSED_VARIABLE = YES;
				IPHONEOS_DEPLOYMENT_TARGET = 14.5;
				MTL_ENABLE_DEBUG_INFO = NO;
				MTL_FAST_MATH = YES;
				SDKROOT = iphoneos;
				SWIFT_COMPILATION_MODE = wholemodule;
				SWIFT_OPTIMIZATION_LEVEL = "-O";
				VALIDATE_PRODUCT = YES;
			};
			name = Release;
		};
		31B4A45326425045001E7DD6 /* Debug */ = {
			isa = XCBuildConfiguration;
			baseConfigurationReference = 791BE72403A7AB644BC85FE9 /* Pods-PracticeCustomTableViews.debug.xcconfig */;
			buildSettings = {
				ASSETCATALOG_COMPILER_APPICON_NAME = AppIcon;
				ASSETCATALOG_COMPILER_GLOBAL_ACCENT_COLOR_NAME = AccentColor;
				CODE_SIGN_ENTITLEMENTS = PracticeCustomTableViews/PracticeCustomTableViews.entitlements;
				CODE_SIGN_STYLE = Automatic;
				DEVELOPMENT_TEAM = 7HTV4A5W6Y;
				INFOPLIST_FILE = PracticeCustomTableViews/Info.plist;
				LD_RUNPATH_SEARCH_PATHS = (
					"$(inherited)",
					"@executable_path/Frameworks",
				);
				MARKETING_VERSION = 1.6.81;
				PRODUCT_BUNDLE_IDENTIFIER = com.john.JustAppBeta;
				PRODUCT_NAME = "$(TARGET_NAME)";
				SWIFT_VERSION = 5.0;
				TARGETED_DEVICE_FAMILY = "1,2";
			};
			name = Debug;
		};
		31B4A45426425045001E7DD6 /* Release */ = {
			isa = XCBuildConfiguration;
			baseConfigurationReference = EE0D3FC4E7431D3B8B21B6EE /* Pods-PracticeCustomTableViews.release.xcconfig */;
			buildSettings = {
				ASSETCATALOG_COMPILER_APPICON_NAME = AppIcon;
				ASSETCATALOG_COMPILER_GLOBAL_ACCENT_COLOR_NAME = AccentColor;
				CODE_SIGN_ENTITLEMENTS = PracticeCustomTableViews/PracticeCustomTableViews.entitlements;
				CODE_SIGN_STYLE = Automatic;
				DEVELOPMENT_TEAM = 7HTV4A5W6Y;
				INFOPLIST_FILE = PracticeCustomTableViews/Info.plist;
				LD_RUNPATH_SEARCH_PATHS = (
					"$(inherited)",
					"@executable_path/Frameworks",
				);
				MARKETING_VERSION = 1.6.81;
				PRODUCT_BUNDLE_IDENTIFIER = com.john.JustAppBeta;
				PRODUCT_NAME = "$(TARGET_NAME)";
				SWIFT_VERSION = 5.0;
				TARGETED_DEVICE_FAMILY = "1,2";
			};
			name = Release;
		};
/* End XCBuildConfiguration section */

/* Begin XCConfigurationList section */
		31B4A43926425042001E7DD6 /* Build configuration list for PBXProject "PracticeCustomTableViews" */ = {
			isa = XCConfigurationList;
			buildConfigurations = (
				31B4A45026425045001E7DD6 /* Debug */,
				31B4A45126425045001E7DD6 /* Release */,
			);
			defaultConfigurationIsVisible = 0;
			defaultConfigurationName = Release;
		};
		31B4A45226425045001E7DD6 /* Build configuration list for PBXNativeTarget "PracticeCustomTableViews" */ = {
			isa = XCConfigurationList;
			buildConfigurations = (
				31B4A45326425045001E7DD6 /* Debug */,
				31B4A45426425045001E7DD6 /* Release */,
			);
			defaultConfigurationIsVisible = 0;
			defaultConfigurationName = Release;
		};
/* End XCConfigurationList section */
	};
	rootObject = 31B4A43626425042001E7DD6 /* Project object */;
}
